
Microsoft Visual Studio Solution File, Format Version 12.00
# Visual Studio Version 16
VisualStudioVersion = 16.0.34902.97
MinimumVisualStudioVersion = 10.0.40219.1
Project("{FAE04EC0-301F-11D3-BF4B-00C04F79EFBC}") = "TG_Bot", "TG_Bot\TG_Bot.csproj", "{D49BAB80-F1AF-4040-9170-1050C40E15E9}"
EndProject
Global
	GlobalSection(SolutionConfigurationPlatforms) = preSolution
		Debug|Any CPU = Debug|Any CPU
		Release|Any CPU = Release|Any CPU
	EndGlobalSection
	GlobalSection(ProjectConfigurationPlatforms) = postSolution
		{D49BAB80-F1AF-4040-9170-1050C40E15E9}.Debug|Any CPU.ActiveCfg = Debug|Any CPU
		{D49BAB80-F1AF-4040-9170-1050C40E15E9}.Debug|Any CPU.Build.0 = Debug|Any CPU
		{D49BAB80-F1AF-4040-9170-1050C40E15E9}.Release|Any CPU.ActiveCfg = Release|Any CPU
		{D49BAB80-F1AF-4040-9170-1050C40E15E9}.Release|Any CPU.Build.0 = Release|Any CPU
	EndGlobalSection
	GlobalSection(SolutionProperties) = preSolution
		HideSolutionNode = FALSE
	EndGlobalSection
	GlobalSection(ExtensibilityGlobals) = postSolution
		SolutionGuid = {110B480B-F2F8-4AC7-99C7-EB18D24D1FBA}
	EndGlobalSection
EndGlobal
